// !$*UTF8*$!
{
	archiveVersion = 1;
	classes = {
	};
	objectVersion = 55;
	objects = {

/* Begin PBXBuildFile section */
		43BB6365299CD7CB00AABDC2 /* AppDelegate.swift in Sources */ = {isa = PBXBuildFile; fileRef = 43BB6364299CD7CB00AABDC2 /* AppDelegate.swift */; };
		43BB6367299CD7CB00AABDC2 /* SceneDelegate.swift in Sources */ = {isa = PBXBuildFile; fileRef = 43BB6366299CD7CB00AABDC2 /* SceneDelegate.swift */; };
		43BB6369299CD7CB00AABDC2 /* WeatherViewController.swift in Sources */ = {isa = PBXBuildFile; fileRef = 43BB6368299CD7CB00AABDC2 /* WeatherViewController.swift */; };
		43BB636C299CD7CB00AABDC2 /* Main.storyboard in Resources */ = {isa = PBXBuildFile; fileRef = 43BB636A299CD7CB00AABDC2 /* Main.storyboard */; };
		43BB636E299CD7CC00AABDC2 /* Assets.xcassets in Resources */ = {isa = PBXBuildFile; fileRef = 43BB636D299CD7CC00AABDC2 /* Assets.xcassets */; };
		43BB6371299CD7CC00AABDC2 /* LaunchScreen.storyboard in Resources */ = {isa = PBXBuildFile; fileRef = 43BB636F299CD7CC00AABDC2 /* LaunchScreen.storyboard */; };
		43BB637A299CDBDE00AABDC2 /* Alamofire in Frameworks */ = {isa = PBXBuildFile; productRef = 43BB6379299CDBDE00AABDC2 /* Alamofire */; };
		43BB637C299CDC3F00AABDC2 /* WeatherEntity.swift in Sources */ = {isa = PBXBuildFile; fileRef = 43BB637B299CDC3F00AABDC2 /* WeatherEntity.swift */; };
		43BB637E299CDDCD00AABDC2 /* GetWeatherViewController.swift in Sources */ = {isa = PBXBuildFile; fileRef = 43BB637D299CDDCD00AABDC2 /* GetWeatherViewController.swift */; };
/* End PBXBuildFile section */

/* Begin PBXFileReference section */
		43BB6361299CD7CB00AABDC2 /* ApiStoryBoard.app */ = {isa = PBXFileReference; explicitFileType = wrapper.application; includeInIndex = 0; path = ApiStoryBoard.app; sourceTree = BUILT_PRODUCTS_DIR; };
		43BB6364299CD7CB00AABDC2 /* AppDelegate.swift */ = {isa = PBXFileReference; lastKnownFileType = sourcecode.swift; path = AppDelegate.swift; sourceTree = "<group>"; };
		43BB6366299CD7CB00AABDC2 /* SceneDelegate.swift */ = {isa = PBXFileReference; lastKnownFileType = sourcecode.swift; path = SceneDelegate.swift; sourceTree = "<group>"; };
		43BB6368299CD7CB00AABDC2 /* WeatherViewController.swift */ = {isa = PBXFileReference; lastKnownFileType = sourcecode.swift; path = WeatherViewController.swift; sourceTree = "<group>"; };
		43BB636B299CD7CB00AABDC2 /* Base */ = {isa = PBXFileReference; lastKnownFileType = file.storyboard; name = Base; path = Base.lproj/Main.storyboard; sourceTree = "<group>"; };
		43BB636D299CD7CC00AABDC2 /* Assets.xcassets */ = {isa = PBXFileReference; lastKnownFileType = folder.assetcatalog; path = Assets.xcassets; sourceTree = "<group>"; };
		43BB6370299CD7CC00AABDC2 /* Base */ = {isa = PBXFileReference; lastKnownFileType = file.storyboard; name = Base; path = Base.lproj/LaunchScreen.storyboard; sourceTree = "<group>"; };
		43BB6372299CD7CC00AABDC2 /* Info.plist */ = {isa = PBXFileReference; lastKnownFileType = text.plist.xml; path = Info.plist; sourceTree = "<group>"; };
		43BB637B299CDC3F00AABDC2 /* WeatherEntity.swift */ = {isa = PBXFileReference; lastKnownFileType = sourcecode.swift; path = WeatherEntity.swift; sourceTree = "<group>"; };
		43BB637D299CDDCD00AABDC2 /* GetWeatherViewController.swift */ = {isa = PBXFileReference; lastKnownFileType = sourcecode.swift; path = GetWeatherViewController.swift; sourceTree = "<group>"; };
/* End PBXFileReference section */

/* Begin PBXFrameworksBuildPhase section */
		43BB635E299CD7CB00AABDC2 /* Frameworks */ = {
			isa = PBXFrameworksBuildPhase;
			buildActionMask = 2147483647;
			files = (
				43BB637A299CDBDE00AABDC2 /* Alamofire in Frameworks */,
			);
			runOnlyForDeploymentPostprocessing = 0;
		};
/* End PBXFrameworksBuildPhase section */

/* Begin PBXGroup section */
		43BB6358299CD7CB00AABDC2 = {
			isa = PBXGroup;
			children = (
				43BB6363299CD7CB00AABDC2 /* ApiStoryBoard */,
				43BB6362299CD7CB00AABDC2 /* Products */,
			);
			sourceTree = "<group>";
		};
		43BB6362299CD7CB00AABDC2 /* Products */ = {
			isa = PBXGroup;
			children = (
				43BB6361299CD7CB00AABDC2 /* ApiStoryBoard.app */,
			);
			name = Products;
			sourceTree = "<group>";
		};
		43BB6363299CD7CB00AABDC2 /* ApiStoryBoard */ = {
			isa = PBXGroup;
			children = (
				43BB6364299CD7CB00AABDC2 /* AppDelegate.swift */,
				43BB6366299CD7CB00AABDC2 /* SceneDelegate.swift */,
				43BB6368299CD7CB00AABDC2 /* WeatherViewController.swift */,
				43BB636A299CD7CB00AABDC2 /* Main.storyboard */,
				43BB636D299CD7CC00AABDC2 /* Assets.xcassets */,
				43BB636F299CD7CC00AABDC2 /* LaunchScreen.storyboard */,
				43BB6372299CD7CC00AABDC2 /* Info.plist */,
				43BB637B299CDC3F00AABDC2 /* WeatherEntity.swift */,
				43BB637D299CDDCD00AABDC2 /* GetWeatherViewController.swift */,
			);
			path = ApiStoryBoard;
			sourceTree = "<group>";
		};
/* End PBXGroup section */

/* Begin PBXNativeTarget section */
		43BB6360299CD7CB00AABDC2 /* ApiStoryBoard */ = {
			isa = PBXNativeTarget;
			buildConfigurationList = 43BB6375299CD7CC00AABDC2 /* Build configuration list for PBXNativeTarget "ApiStoryBoard" */;
			buildPhases = (
				43BB635D299CD7CB00AABDC2 /* Sources */,
				43BB635E299CD7CB00AABDC2 /* Frameworks */,
				43BB635F299CD7CB00AABDC2 /* Resources */,
			);
			buildRules = (
			);
			dependencies = (
			);
			name = ApiStoryBoard;
			packageProductDependencies = (
				43BB6379299CDBDE00AABDC2 /* Alamofire */,
			);
			productName = ApiStoryBoard;
			productReference = 43BB6361299CD7CB00AABDC2 /* ApiStoryBoard.app */;
			productType = "com.apple.product-type.application";
		};
/* End PBXNativeTarget section */

/* Begin PBXProject section */
		43BB6359299CD7CB00AABDC2 /* Project object */ = {
			isa = PBXProject;
			attributes = {
				BuildIndependentTargetsInParallel = 1;
				LastSwiftUpdateCheck = 1340;
				LastUpgradeCheck = 1340;
				TargetAttributes = {
					43BB6360299CD7CB00AABDC2 = {
						CreatedOnToolsVersion = 13.4.1;
					};
				};
			};
			buildConfigurationList = 43BB635C299CD7CB00AABDC2 /* Build configuration list for PBXProject "ApiStoryBoard" */;
			compatibilityVersion = "Xcode 13.0";
			developmentRegion = en;
			hasScannedForEncodings = 0;
			knownRegions = (
				en,
				Base,
			);
			mainGroup = 43BB6358299CD7CB00AABDC2;
			packageReferences = (
				43BB6378299CDBDE00AABDC2 /* XCRemoteSwiftPackageReference "Alamofire" */,
			);
			productRefGroup = 43BB6362299CD7CB00AABDC2 /* Products */;
			projectDirPath = "";
			projectRoot = "";
			targets = (
				43BB6360299CD7CB00AABDC2 /* ApiStoryBoard */,
			);
		};
/* End PBXProject section */

/* Begin PBXResourcesBuildPhase section */
		43BB635F299CD7CB00AABDC2 /* Resources */ = {
			isa = PBXResourcesBuildPhase;
			buildActionMask = 2147483647;
			files = (
				43BB6371299CD7CC00AABDC2 /* LaunchScreen.storyboard in Resources */,
				43BB636E299CD7CC00AABDC2 /* Assets.xcassets in Resources */,
				43BB636C299CD7CB00AABDC2 /* Main.storyboard in Resources */,
			);
			runOnlyForDeploymentPostprocessing = 0;
		};
/* End PBXResourcesBuildPhase section */

/* Begin PBXSourcesBuildPhase section */
		43BB635D299CD7CB00AABDC2 /* Sources */ = {
			isa = PBXSourcesBuildPhase;
			buildActionMask = 2147483647;
			files = (
				43BB637E299CDDCD00AABDC2 /* GetWeatherViewController.swift in Sources */,
				43BB6369299CD7CB00AABDC2 /* WeatherViewController.swift in Sources */,
				43BB6365299CD7CB00AABDC2 /* AppDelegate.swift in Sources */,
				43BB6367299CD7CB00AABDC2 /* SceneDelegate.swift in Sources */,
				43BB637C299CDC3F00AABDC2 /* WeatherEntity.swift in Sources */,
			);
			runOnlyForDeploymentPostprocessing = 0;
		};
/* End PBXSourcesBuildPhase section */

/* Begin PBXVariantGroup section */
		43BB636A299CD7CB00AABDC2 /* Main.storyboard */ = {
			isa = PBXVariantGroup;
			children = (
				43BB636B299CD7CB00AABDC2 /* Base */,
			);
			name = Main.storyboard;
			sourceTree = "<group>";
		};
		43BB636F299CD7CC00AABDC2 /* LaunchScreen.storyboard */ = {
			isa = PBXVariantGroup;
			children = (
				43BB6370299CD7CC00AABDC2 /* Base */,
			);
			name = LaunchScreen.storyboard;
			sourceTree = "<group>";
		};
/* End PBXVariantGroup section */

/* Begin XCBuildConfiguration section */
		43BB6373299CD7CC00AABDC2 /* Debug */ = {
			isa = XCBuildConfiguration;
			buildSettings = {
				ALWAYS_SEARCH_USER_PATHS = NO;
				CLANG_ANALYZER_NONNULL = YES;
				CLANG_ANALYZER_NUMBER_OBJECT_CONVERSION = YES_AGGRESSIVE;
				CLANG_CXX_LANGUAGE_STANDARD = "gnu++17";
				CLANG_ENABLE_MODULES = YES;
				CLANG_ENABLE_OBJC_ARC = YES;
				CLANG_ENABLE_OBJC_WEAK = YES;
				CLANG_WARN_BLOCK_CAPTURE_AUTORELEASING = YES;
				CLANG_WARN_BOOL_CONVERSION = YES;
				CLANG_WARN_COMMA = YES;
				CLANG_WARN_CONSTANT_CONVERSION = YES;
				CLANG_WARN_DEPRECATED_OBJC_IMPLEMENTATIONS = YES;
				CLANG_WARN_DIRECT_OBJC_ISA_USAGE = YES_ERROR;
				CLANG_WARN_DOCUMENTATION_COMMENTS = YES;
				CLANG_WARN_EMPTY_BODY = YES;
				CLANG_WARN_ENUM_CONVERSION = YES;
				CLANG_WARN_INFINITE_RECURSION = YES;
				CLANG_WARN_INT_CONVERSION = YES;
				CLANG_WARN_NON_LITERAL_NULL_CONVERSION = YES;
				CLANG_WARN_OBJC_IMPLICIT_RETAIN_SELF = YES;
				CLANG_WARN_OBJC_LITERAL_CONVERSION = YES;
				CLANG_WARN_OBJC_ROOT_CLASS = YES_ERROR;
				CLANG_WARN_QUOTED_INCLUDE_IN_FRAMEWORK_HEADER = YES;
				CLANG_WARN_RANGE_LOOP_ANALYSIS = YES;
				CLANG_WARN_STRICT_PROTOTYPES = YES;
				CLANG_WARN_SUSPICIOUS_MOVE = YES;
				CLANG_WARN_UNGUARDED_AVAILABILITY = YES_AGGRESSIVE;
				CLANG_WARN_UNREACHABLE_CODE = YES;
				CLANG_WARN__DUPLICATE_METHOD_MATCH = YES;
				COPY_PHASE_STRIP = NO;
				DEBUG_INFORMATION_FORMAT = dwarf;
				ENABLE_STRICT_OBJC_MSGSEND = YES;
				ENABLE_TESTABILITY = YES;
				GCC_C_LANGUAGE_STANDARD = gnu11;
				GCC_DYNAMIC_NO_PIC = NO;
				GCC_NO_COMMON_BLOCKS = YES;
				GCC_OPTIMIZATION_LEVEL = 0;
				GCC_PREPROCESSOR_DEFINITIONS = (
					"DEBUG=1",
					"$(inherited)",
				);
				GCC_WARN_64_TO_32_BIT_CONVERSION = YES;
				GCC_WARN_ABOUT_RETURN_TYPE = YES_ERROR;
				GCC_WARN_UNDECLARED_SELECTOR = YES;
				GCC_WARN_UNINITIALIZED_AUTOS = YES_AGGRESSIVE;
				GCC_WARN_UNUSED_FUNCTION = YES;
				GCC_WARN_UNUSED_VARIABLE = YES;
				IPHONEOS_DEPLOYMENT_TARGET = 15.5;
				MTL_ENABLE_DEBUG_INFO = INCLUDE_SOURCE;
				MTL_FAST_MATH = YES;
				ONLY_ACTIVE_ARCH = YES;
				SDKROOT = iphoneos;
				SWIFT_ACTIVE_COMPILATION_CONDITIONS = DEBUG;
				SWIFT_OPTIMIZATION_LEVEL = "-Onone";
			};
			name = Debug;
		};
		43BB6374299CD7CC00AABDC2 /* Release */ = {
			isa = XCBuildConfiguration;
			buildSettings = {
				ALWAYS_SEARCH_USER_PATHS = NO;
				CLANG_ANALYZER_NONNULL = YES;
				CLANG_ANALYZER_NUMBER_OBJECT_CONVERSION = YES_AGGRESSIVE;
				CLANG_CXX_LANGUAGE_STANDARD = "gnu++17";
				CLANG_ENABLE_MODULES = YES;
				CLANG_ENABLE_OBJC_ARC = YES;
				CLANG_ENABLE_OBJC_WEAK = YES;
				CLANG_WARN_BLOCK_CAPTURE_AUTORELEASING = YES;
				CLANG_WARN_BOOL_CONVERSION = YES;
				CLANG_WARN_COMMA = YES;
				CLANG_WARN_CONSTANT_CONVERSION = YES;
				CLANG_WARN_DEPRECATED_OBJC_IMPLEMENTATIONS = YES;
				CLANG_WARN_DIRECT_OBJC_ISA_USAGE = YES_ERROR;
				CLANG_WARN_DOCUMENTATION_COMMENTS = YES;
				CLANG_WARN_EMPTY_BODY = YES;
				CLANG_WARN_ENUM_CONVERSION = YES;
				CLANG_WARN_INFINITE_RECURSION = YES;
				CLANG_WARN_INT_CONVERSION = YES;
				CLANG_WARN_NON_LITERAL_NULL_CONVERSION = YES;
				CLANG_WARN_OBJC_IMPLICIT_RETAIN_SELF = YES;
				CLANG_WARN_OBJC_LITERAL_CONVERSION = YES;
				CLANG_WARN_OBJC_ROOT_CLASS = YES_ERROR;
				CLANG_WARN_QUOTED_INCLUDE_IN_FRAMEWORK_HEADER = YES;
				CLANG_WARN_RANGE_LOOP_ANALYSIS = YES;
				CLANG_WARN_STRICT_PROTOTYPES = YES;
				CLANG_WARN_SUSPICIOUS_MOVE = YES;
				CLANG_WARN_UNGUARDED_AVAILABILITY = YES_AGGRESSIVE;
				CLANG_WARN_UNREACHABLE_CODE = YES;
				CLANG_WARN__DUPLICATE_METHOD_MATCH = YES;
				COPY_PHASE_STRIP = NO;
				DEBUG_INFORMATION_FORMAT = "dwarf-with-dsym";
				ENABLE_NS_ASSERTIONS = NO;
				ENABLE_STRICT_OBJC_MSGSEND = YES;
				GCC_C_LANGUAGE_STANDARD = gnu11;
				GCC_NO_COMMON_BLOCKS = YES;
				GCC_WARN_64_TO_32_BIT_CONVERSION = YES;
				GCC_WARN_ABOUT_RETURN_TYPE = YES_ERROR;
				GCC_WARN_UNDECLARED_SELECTOR = YES;
				GCC_WARN_UNINITIALIZED_AUTOS = YES_AGGRESSIVE;
				GCC_WARN_UNUSED_FUNCTION = YES;
				GCC_WARN_UNUSED_VARIABLE = YES;
				IPHONEOS_DEPLOYMENT_TARGET = 15.5;
				MTL_ENABLE_DEBUG_INFO = NO;
				MTL_FAST_MATH = YES;
				SDKROOT = iphoneos;
				SWIFT_COMPILATION_MODE = wholemodule;
				SWIFT_OPTIMIZATION_LEVEL = "-O";
				VALIDATE_PRODUCT = YES;
			};
			name = Release;
		};
		43BB6376299CD7CC00AABDC2 /* Debug */ = {
			isa = XCBuildConfiguration;
			buildSettings = {
				ASSETCATALOG_COMPILER_APPICON_NAME = AppIcon;
				ASSETCATALOG_COMPILER_GLOBAL_ACCENT_COLOR_NAME = AccentColor;
				CODE_SIGN_STYLE = Automatic;
				CURRENT_PROJECT_VERSION = 1;
				GENERATE_INFOPLIST_FILE = YES;
				INFOPLIST_FILE = ApiStoryBoard/Info.plist;
				INFOPLIST_KEY_UIApplicationSupportsIndirectInputEvents = YES;
				INFOPLIST_KEY_UILaunchStoryboardName = LaunchScreen;
				INFOPLIST_KEY_UIMainStoryboardFile = Main;
				INFOPLIST_KEY_UISupportedInterfaceOrientations_iPad = "UIInterfaceOrientationPortrait UIInterfaceOrientationPortraitUpsideDown UIInterfaceOrientationLandscapeLeft UIInterfaceOrientationLandscapeRight";
				INFOPLIST_KEY_UISupportedInterfaceOrientations_iPhone = "UIInterfaceOrientationPortrait UIInterfaceOrientationLandscapeLeft UIInterfaceOrientationLandscapeRight";
				LD_RUNPATH_SEARCH_PATHS = (
					"$(inherited)",
					"@executable_path/Frameworks",
				);
				MARKETING_VERSION = 1.0;
				PRODUCT_BUNDLE_IDENTIFIER = com.step.ApiStoryBoard;
				PRODUCT_NAME = "$(TARGET_NAME)";
				SWIFT_EMIT_LOC_STRINGS = YES;
				SWIFT_VERSION = 5.0;
				TARGETED_DEVICE_FAMILY = 1;
			};
			name = Debug;
		};
		43BB6377299CD7CC00AABDC2 /* Release */ = {
			isa = XCBuildConfiguration;
			buildSettings = {
				ASSETCATALOG_COMPILER_APPICON_NAME = AppIcon;
				ASSETCATALOG_COMPILER_GLOBAL_ACCENT_COLOR_NAME = AccentColor;
				CODE_SIGN_STYLE = Automatic;
				CURRENT_PROJECT_VERSION = 1;
				GENERATE_INFOPLIST_FILE = YES;
				INFOPLIST_FILE = ApiStoryBoard/Info.plist;
				INFOPLIST_KEY_UIApplicationSupportsIndirectInputEvents = YES;
				INFOPLIST_KEY_UILaunchStoryboardName = LaunchScreen;
				INFOPLIST_KEY_UIMainStoryboardFile = Main;
				INFOPLIST_KEY_UISupportedInterfaceOrientations_iPad = "UIInterfaceOrientationPortrait UIInterfaceOrientationPortraitUpsideDown UIInterfaceOrientationLandscapeLeft UIInterfaceOrientationLandscapeRight";
				INFOPLIST_KEY_UISupportedInterfaceOrientations_iPhone = "UIInterfaceOrientationPortrait UIInterfaceOrientationLandscapeLeft UIInterfaceOrientationLandscapeRight";
				LD_RUNPATH_SEARCH_PATHS = (
					"$(inherited)",
					"@executable_path/Frameworks",
				);
				MARKETING_VERSION = 1.0;
				PRODUCT_BUNDLE_IDENTIFIER = com.step.ApiStoryBoard;
				PRODUCT_NAME = "$(TARGET_NAME)";
				SWIFT_EMIT_LOC_STRINGS = YES;
				SWIFT_VERSION = 5.0;
				TARGETED_DEVICE_FAMILY = 1;
			};
			name = Release;
		};
/* End XCBuildConfiguration section */

/* Begin XCConfigurationList section */
		43BB635C299CD7CB00AABDC2 /* Build configuration list for PBXProject "ApiStoryBoard" */ = {
			isa = XCConfigurationList;
			buildConfigurations = (
				43BB6373299CD7CC00AABDC2 /* Debug */,
				43BB6374299CD7CC00AABDC2 /* Release */,
			);
			defaultConfigurationIsVisible = 0;
			defaultConfigurationName = Release;
		};
		43BB6375299CD7CC00AABDC2 /* Build configuration list for PBXNativeTarget "ApiStoryBoard" */ = {
			isa = XCConfigurationList;
			buildConfigurations = (
				43BB6376299CD7CC00AABDC2 /* Debug */,
				43BB6377299CD7CC00AABDC2 /* Release */,
			);
			defaultConfigurationIsVisible = 0;
			defaultConfigurationName = Release;
		};
/* End XCConfigurationList section */

/* Begin XCRemoteSwiftPackageReference section */
		43BB6378299CDBDE00AABDC2 /* XCRemoteSwiftPackageReference "Alamofire" */ = {
			isa = XCRemoteSwiftPackageReference;
			repositoryURL = "https://github.com/Alamofire/Alamofire.git";
			requirement = {
				kind = upToNextMajorVersion;
				minimumVersion = 5.0.0;
			};
		};
/* End XCRemoteSwiftPackageReference section */

/* Begin XCSwiftPackageProductDependency section */
		43BB6379299CDBDE00AABDC2 /* Alamofire */ = {
			isa = XCSwiftPackageProductDependency;
			package = 43BB6378299CDBDE00AABDC2 /* XCRemoteSwiftPackageReference "Alamofire" */;
			productName = Alamofire;
		};
/* End XCSwiftPackageProductDependency section */
	};
	rootObject = 43BB6359299CD7CB00AABDC2 /* Project object */;
}
